// !$*UTF8*$!
{
	archiveVersion = 1;
	classes = {
	};
	objectVersion = 46;
	objects = {

/* Begin PBXBuildFile section */
		1D9852EDDF1D3C76D1A088BB /* libPods.a in Frameworks */ = {isa = PBXBuildFile; fileRef = FD68B818772D1FDEAE662C14 /* libPods.a */; };
		1DDD58160DA1D0A300B32029 /* MainMenu.xib in Resources */ = {isa = PBXBuildFile; fileRef = 1DDD58140DA1D0A300B32029 /* MainMenu.xib */; };
		8D11072B0486CEB800E47090 /* InfoPlist.strings in Resources */ = {isa = PBXBuildFile; fileRef = 089C165CFE840E0CC02AAC07 /* InfoPlist.strings */; };
		8D11072D0486CEB800E47090 /* main.m in Sources */ = {isa = PBXBuildFile; fileRef = 29B97316FDCFA39411CA2CEA /* main.m */; settings = {ATTRIBUTES = (); COMPILER_FLAGS = "-fno-objc-arc"; }; };
		CF11768015E90BD0001138F2 /* Credits.rtf in Resources */ = {isa = PBXBuildFile; fileRef = CF11767F15E90BD0001138F2 /* Credits.rtf */; };
		CF2A37D513752E6E001CAAAB /* User.m in Sources */ = {isa = PBXBuildFile; fileRef = CF2A37D413752E6E001CAAAB /* User.m */; };
		CF2F8BDB1390E0CB00D733CA /* SettingViewController.m in Sources */ = {isa = PBXBuildFile; fileRef = CF2F8BDA1390E0CB00D733CA /* SettingViewController.m */; };
		CF2F8BDD1390E11500D733CA /* SettingViewController.xib in Resources */ = {isa = PBXBuildFile; fileRef = CF2F8BDC1390E11500D733CA /* SettingViewController.xib */; };
		CF3A187815D64F4100D8E07F /* FloodWindowController.m in Sources */ = {isa = PBXBuildFile; fileRef = CF3A187615D64F4100D8E07F /* FloodWindowController.m */; };
		CF3A187915D64F4100D8E07F /* FloodWindowController.xib in Resources */ = {isa = PBXBuildFile; fileRef = CF3A187715D64F4100D8E07F /* FloodWindowController.xib */; };
		CF3A188115D651A100D8E07F /* FloodWindow.m in Sources */ = {isa = PBXBuildFile; fileRef = CF3A188015D651A100D8E07F /* FloodWindow.m */; };
		CF3A188B15D6E82D00D8E07F /* QuartzCore.framework in Frameworks */ = {isa = PBXBuildFile; fileRef = CF3A188A15D6E82D00D8E07F /* QuartzCore.framework */; };
		CF620A1B1A047554003EB806 /* Social.framework in Frameworks */ = {isa = PBXBuildFile; fileRef = CF620A1A1A047554003EB806 /* Social.framework */; };
		CF620A1D1A0476DC003EB806 /* Accounts.framework in Frameworks */ = {isa = PBXBuildFile; fileRef = CF620A1C1A0476DC003EB806 /* Accounts.framework */; };
		CF620A211A057CBE003EB806 /* StreamController.m in Sources */ = {isa = PBXBuildFile; fileRef = CF620A201A057CBE003EB806 /* StreamController.m */; };
		CF66A55C1372CFE7000B1AFF /* NSView+Fade.m in Sources */ = {isa = PBXBuildFile; fileRef = CF66A55B1372CFE7000B1AFF /* NSView+Fade.m */; settings = {COMPILER_FLAGS = "-fno-objc-arc"; }; };
		CF75438E13686342009E7292 /* TransparentView.m in Sources */ = {isa = PBXBuildFile; fileRef = CF75438D13686342009E7292 /* TransparentView.m */; };
		CF75C5D51371947B0099F8E0 /* NSFileManager+DirectoryLocations.m in Sources */ = {isa = PBXBuildFile; fileRef = CF75C5D41371947B0099F8E0 /* NSFileManager+DirectoryLocations.m */; settings = {COMPILER_FLAGS = "-fno-objc-arc"; }; };
		CF8BBEED15E3C7E10064D90B /* SearchWindowController.m in Sources */ = {isa = PBXBuildFile; fileRef = CF8BBEEB15E3C7E00064D90B /* SearchWindowController.m */; };
		CF8BBEEE15E3C7E10064D90B /* SearchWindowController.xib in Resources */ = {isa = PBXBuildFile; fileRef = CF8BBEEC15E3C7E00064D90B /* SearchWindowController.xib */; };
		CF8BBF4615E3EE6A0064D90B /* ComposeStatusViewController.m in Sources */ = {isa = PBXBuildFile; fileRef = CF8BBF4415E3EE690064D90B /* ComposeStatusViewController.m */; };
		CF8BBF4715E3EE6A0064D90B /* ComposeStatusViewController.xib in Resources */ = {isa = PBXBuildFile; fileRef = CF8BBF4515E3EE6A0064D90B /* ComposeStatusViewController.xib */; };
		CF8FDEA915D4123700DD6DEA /* Cocoa.framework in Frameworks */ = {isa = PBXBuildFile; fileRef = CF8FDEA815D4123700DD6DEA /* Cocoa.framework */; };
		CF8FDEAB15D4124200DD6DEA /* libz.1.2.5.dylib in Frameworks */ = {isa = PBXBuildFile; fileRef = CF8FDEAA15D4124200DD6DEA /* libz.1.2.5.dylib */; };
		CF8FDEAD15D4124A00DD6DEA /* WebKit.framework in Frameworks */ = {isa = PBXBuildFile; fileRef = CF8FDEAC15D4124900DD6DEA /* WebKit.framework */; };
		CF8FDEAF15D4125200DD6DEA /* libxml2.dylib in Frameworks */ = {isa = PBXBuildFile; fileRef = CF8FDEAE15D4125200DD6DEA /* libxml2.dylib */; };
		CF8FDEB115D4131200DD6DEA /* FloodAppDelegate.m in Sources */ = {isa = PBXBuildFile; fileRef = CF8FDEB015D4131200DD6DEA /* FloodAppDelegate.m */; };
		CF9F9E371534567B000AE741 /* Status.m in Sources */ = {isa = PBXBuildFile; fileRef = CF9F9E361534567B000AE741 /* Status.m */; };
		CFA1BB5814DC514D000566A0 /* SettingManager.m in Sources */ = {isa = PBXBuildFile; fileRef = CFA1BB5714DC514D000566A0 /* SettingManager.m */; };
		CFA511201369AD11004A81D7 /* CustomTitleBar.m in Sources */ = {isa = PBXBuildFile; fileRef = CFA5111F1369AD11004A81D7 /* CustomTitleBar.m */; };
		CFA5115F1369B18D004A81D7 /* CustomDragView.m in Sources */ = {isa = PBXBuildFile; fileRef = CFA5115E1369B18D004A81D7 /* CustomDragView.m */; };
		CFB3613A13996A3D0005F33D /* DBPrefsWindowController.m in Sources */ = {isa = PBXBuildFile; fileRef = CFB3613913996A3D0005F33D /* DBPrefsWindowController.m */; };
		CFC3791E139A7FB10072F001 /* CenteredTextCell.m in Sources */ = {isa = PBXBuildFile; fileRef = CFC3791D139A7FB10072F001 /* CenteredTextCell.m */; };
		CFC65A0914D32A32008299B3 /* NSMutableURLRequest+Parameters.m in Sources */ = {isa = PBXBuildFile; fileRef = CFC6596614D32A32008299B3 /* NSMutableURLRequest+Parameters.m */; settings = {COMPILER_FLAGS = "-fno-objc-arc"; }; };
		CFC65A0A14D32A32008299B3 /* NSString+URLEncoding.m in Sources */ = {isa = PBXBuildFile; fileRef = CFC6596814D32A32008299B3 /* NSString+URLEncoding.m */; settings = {COMPILER_FLAGS = "-fno-objc-arc"; }; };
		CFC65A0B14D32A32008299B3 /* NSURL+Base.m in Sources */ = {isa = PBXBuildFile; fileRef = CFC6596A14D32A32008299B3 /* NSURL+Base.m */; settings = {COMPILER_FLAGS = "-fno-objc-arc"; }; };
		CFC65A0C14D32A32008299B3 /* Base64Transcoder.c in Sources */ = {isa = PBXBuildFile; fileRef = CFC6596C14D32A32008299B3 /* Base64Transcoder.c */; settings = {COMPILER_FLAGS = "-fno-objc-arc"; }; };
		CFC65A0D14D32A32008299B3 /* hmac.c in Sources */ = {isa = PBXBuildFile; fileRef = CFC6596E14D32A32008299B3 /* hmac.c */; settings = {COMPILER_FLAGS = "-fno-objc-arc"; }; };
		CFC65A0E14D32A32008299B3 /* sha1.c in Sources */ = {isa = PBXBuildFile; fileRef = CFC6597014D32A32008299B3 /* sha1.c */; settings = {COMPILER_FLAGS = "-fno-objc-arc"; }; };
		CFC65A0F14D32A32008299B3 /* OAAttachment.m in Sources */ = {isa = PBXBuildFile; fileRef = CFC6597314D32A32008299B3 /* OAAttachment.m */; settings = {COMPILER_FLAGS = "-fno-objc-arc"; }; };
		CFC65A1014D32A32008299B3 /* OACall.m in Sources */ = {isa = PBXBuildFile; fileRef = CFC6597514D32A32008299B3 /* OACall.m */; settings = {COMPILER_FLAGS = "-fno-objc-arc"; }; };
		CFC65A1114D32A32008299B3 /* OAConsumer.m in Sources */ = {isa = PBXBuildFile; fileRef = CFC6597714D32A32008299B3 /* OAConsumer.m */; settings = {COMPILER_FLAGS = "-fno-objc-arc"; }; };
		CFC65A1214D32A32008299B3 /* OADataFetcher.m in Sources */ = {isa = PBXBuildFile; fileRef = CFC6597914D32A32008299B3 /* OADataFetcher.m */; settings = {COMPILER_FLAGS = "-fno-objc-arc"; }; };
		CFC65A1314D32A32008299B3 /* OAHMAC_SHA1SignatureProvider.m in Sources */ = {isa = PBXBuildFile; fileRef = CFC6597B14D32A32008299B3 /* OAHMAC_SHA1SignatureProvider.m */; settings = {COMPILER_FLAGS = "-fno-objc-arc"; }; };
		CFC65A1414D32A32008299B3 /* OAMutableURLRequest.m in Sources */ = {isa = PBXBuildFile; fileRef = CFC6597D14D32A32008299B3 /* OAMutableURLRequest.m */; settings = {COMPILER_FLAGS = "-fno-objc-arc"; }; };
		CFC65A1514D32A32008299B3 /* OAPlaintextSignatureProvider.m in Sources */ = {isa = PBXBuildFile; fileRef = CFC6597F14D32A32008299B3 /* OAPlaintextSignatureProvider.m */; settings = {COMPILER_FLAGS = "-fno-objc-arc"; }; };
		CFC65A1614D32A32008299B3 /* OAProblem.m in Sources */ = {isa = PBXBuildFile; fileRef = CFC6598114D32A32008299B3 /* OAProblem.m */; settings = {COMPILER_FLAGS = "-fno-objc-arc"; }; };
		CFC65A1714D32A32008299B3 /* OARequestParameter.m in Sources */ = {isa = PBXBuildFile; fileRef = CFC6598314D32A32008299B3 /* OARequestParameter.m */; settings = {COMPILER_FLAGS = "-fno-objc-arc"; }; };
		CFC65A1814D32A32008299B3 /* OAServiceTicket.m in Sources */ = {isa = PBXBuildFile; fileRef = CFC6598514D32A32008299B3 /* OAServiceTicket.m */; settings = {COMPILER_FLAGS = "-fno-objc-arc"; }; };
		CFC65A1914D32A32008299B3 /* OATestServer.rb in Resources */ = {isa = PBXBuildFile; fileRef = CFC6598714D32A32008299B3 /* OATestServer.rb */; };
		CFC65A1A14D32A32008299B3 /* OAToken.m in Sources */ = {isa = PBXBuildFile; fileRef = CFC6598914D32A32008299B3 /* OAToken.m */; settings = {COMPILER_FLAGS = "-fno-objc-arc"; }; };
		CFC65A1B14D32A32008299B3 /* OATokenManager.m in Sources */ = {isa = PBXBuildFile; fileRef = CFC6598B14D32A32008299B3 /* OATokenManager.m */; settings = {COMPILER_FLAGS = "-fno-objc-arc"; }; };
		CFC65A1C14D32A32008299B3 /* README in Resources */ = {isa = PBXBuildFile; fileRef = CFC6598D14D32A32008299B3 /* README */; };
		CFC65A9214D32A8F008299B3 /* CDataScanner.m in Sources */ = {isa = PBXBuildFile; fileRef = CFC65A7B14D32A8F008299B3 /* CDataScanner.m */; settings = {COMPILER_FLAGS = "-fno-objc-arc"; }; };
		CFC65A9314D32A8F008299B3 /* CFilteringJSONSerializer.m in Sources */ = {isa = PBXBuildFile; fileRef = CFC65A7E14D32A8F008299B3 /* CFilteringJSONSerializer.m */; settings = {COMPILER_FLAGS = "-fno-objc-arc"; }; };
		CFC65A9414D32A8F008299B3 /* CJSONDeserializer_BlocksExtensions.m in Sources */ = {isa = PBXBuildFile; fileRef = CFC65A8014D32A8F008299B3 /* CJSONDeserializer_BlocksExtensions.m */; settings = {COMPILER_FLAGS = "-fno-objc-arc"; }; };
		CFC65A9514D32A8F008299B3 /* CJSONSerialization.m in Sources */ = {isa = PBXBuildFile; fileRef = CFC65A8214D32A8F008299B3 /* CJSONSerialization.m */; settings = {COMPILER_FLAGS = "-fno-objc-arc"; }; };
		CFC65A9614D32A8F008299B3 /* CJSONSerializedData.m in Sources */ = {isa = PBXBuildFile; fileRef = CFC65A8414D32A8F008299B3 /* CJSONSerializedData.m */; settings = {COMPILER_FLAGS = "-fno-objc-arc"; }; };
		CFC65A9714D32A8F008299B3 /* CDataScanner_Extensions.m in Sources */ = {isa = PBXBuildFile; fileRef = CFC65A8714D32A8F008299B3 /* CDataScanner_Extensions.m */; settings = {COMPILER_FLAGS = "-fno-objc-arc"; }; };
		CFC65A9814D32A8F008299B3 /* NSDictionary_JSONExtensions.m in Sources */ = {isa = PBXBuildFile; fileRef = CFC65A8914D32A8F008299B3 /* NSDictionary_JSONExtensions.m */; settings = {COMPILER_FLAGS = "-fno-objc-arc"; }; };
		CFC65A9914D32A8F008299B3 /* CJSONDeserializer.m in Sources */ = {isa = PBXBuildFile; fileRef = CFC65A8C14D32A8F008299B3 /* CJSONDeserializer.m */; settings = {COMPILER_FLAGS = "-fno-objc-arc"; }; };
		CFC65A9A14D32A8F008299B3 /* CJSONScanner.m in Sources */ = {isa = PBXBuildFile; fileRef = CFC65A8E14D32A8F008299B3 /* CJSONScanner.m */; settings = {COMPILER_FLAGS = "-fno-objc-arc"; }; };
		CFC65A9B14D32A8F008299B3 /* CJSONSerializer.m in Sources */ = {isa = PBXBuildFile; fileRef = CFC65A9014D32A8F008299B3 /* CJSONSerializer.m */; settings = {COMPILER_FLAGS = "-fno-objc-arc"; }; };
		CFC9AD5A15EBD63D00CC52F9 /* icon.iconset in Resources */ = {isa = PBXBuildFile; fileRef = CFC9AD5915EBD63D00CC52F9 /* icon.iconset */; };
		CFCB21EB1A1FA68900202991 /* Crashlytics.framework in Frameworks */ = {isa = PBXBuildFile; fileRef = CFCB21EA1A1FA68900202991 /* Crashlytics.framework */; };
		CFCB21EE1A1FBA2500202991 /* Images.xcassets in Resources */ = {isa = PBXBuildFile; fileRef = CFCB21ED1A1FBA2500202991 /* Images.xcassets */; };
		CFE8F5BA15D7CBFA00815830 /* RainDropViewController.xib in Resources */ = {isa = PBXBuildFile; fileRef = CFE8F5B815D7CBFA00815830 /* RainDropViewController.xib */; };
		CFE8F5BD15D7E88600815830 /* RainDropViewController.m in Sources */ = {isa = PBXBuildFile; fileRef = CFE8F5BC15D7E88600815830 /* RainDropViewController.m */; };
		CFE8F5C015D7E9F100815830 /* RainDropView.m in Sources */ = {isa = PBXBuildFile; fileRef = CFE8F5BF15D7E9F100815830 /* RainDropView.m */; };
		CFE8F5C315D7FC4900815830 /* RainDropTextFieldCell.m in Sources */ = {isa = PBXBuildFile; fileRef = CFE8F5C215D7FC4900815830 /* RainDropTextFieldCell.m */; };
		CFFAE5E015E02D3400389518 /* RainDropDetailViewController.m in Sources */ = {isa = PBXBuildFile; fileRef = CFFAE5DE15E02D3400389518 /* RainDropDetailViewController.m */; };
		CFFAE5E115E02D3400389518 /* RainDropDetailViewController.xib in Resources */ = {isa = PBXBuildFile; fileRef = CFFAE5DF15E02D3400389518 /* RainDropDetailViewController.xib */; };
		CFFAE5F315E0E9DD00389518 /* WebImageView.m in Sources */ = {isa = PBXBuildFile; fileRef = CFFAE5F215E0E9DD00389518 /* WebImageView.m */; };
/* End PBXBuildFile section */

/* Begin PBXCopyFilesBuildPhase section */
		CF53F65E139CCE51003AB55B /* Copy Files */ = {
			isa = PBXCopyFilesBuildPhase;
			buildActionMask = 12;
			dstPath = .;
			dstSubfolderSpec = 10;
			files = (
			);
			name = "Copy Files";
			runOnlyForDeploymentPostprocessing = 0;
		};
/* End PBXCopyFilesBuildPhase section */

/* Begin PBXFileReference section */
		089C165DFE840E0CC02AAC07 /* English */ = {isa = PBXFileReference; fileEncoding = 4; lastKnownFileType = text.plist.strings; name = English; path = English.lproj/InfoPlist.strings; sourceTree = "<group>"; };
		1058C7A1FEA54F0111CA2CBB /* Cocoa.framework */ = {isa = PBXFileReference; lastKnownFileType = wrapper.framework; name = Cocoa.framework; path = /System/Library/Frameworks/Cocoa.framework; sourceTree = "<absolute>"; };
		13E42FB307B3F0F600E4EEF1 /* CoreData.framework */ = {isa = PBXFileReference; lastKnownFileType = wrapper.framework; name = CoreData.framework; path = /System/Library/Frameworks/CoreData.framework; sourceTree = "<absolute>"; };
		1DDD58150DA1D0A300B32029 /* English */ = {isa = PBXFileReference; lastKnownFileType = file.xib; name = English; path = English.lproj/MainMenu.xib; sourceTree = "<group>"; };
		228171F945669C28FD5CE044 /* Pods.release.xcconfig */ = {isa = PBXFileReference; includeInIndex = 1; lastKnownFileType = text.xcconfig; name = Pods.release.xcconfig; path = "Pods/Target Support Files/Pods/Pods.release.xcconfig"; sourceTree = "<group>"; };
		256AC3D80F4B6AC300CF3369 /* FloodAppDelegate.h */ = {isa = PBXFileReference; fileEncoding = 4; lastKnownFileType = sourcecode.c.h; path = FloodAppDelegate.h; sourceTree = "<group>"; };
		256AC3F00F4B6AF500CF3369 /* TweetRain_Prefix.pch */ = {isa = PBXFileReference; fileEncoding = 4; lastKnownFileType = sourcecode.c.h; path = TweetRain_Prefix.pch; sourceTree = "<group>"; };
		29B97316FDCFA39411CA2CEA /* main.m */ = {isa = PBXFileReference; fileEncoding = 4; lastKnownFileType = sourcecode.c.objc; path = main.m; sourceTree = "<group>"; };
		29B97324FDCFA39411CA2CEA /* AppKit.framework */ = {isa = PBXFileReference; lastKnownFileType = wrapper.framework; name = AppKit.framework; path = /System/Library/Frameworks/AppKit.framework; sourceTree = "<absolute>"; };
		29B97325FDCFA39411CA2CEA /* Foundation.framework */ = {isa = PBXFileReference; lastKnownFileType = wrapper.framework; name = Foundation.framework; path = /System/Library/Frameworks/Foundation.framework; sourceTree = "<absolute>"; };
		8D1107310486CEB800E47090 /* TweetRain-Info.plist */ = {isa = PBXFileReference; fileEncoding = 4; lastKnownFileType = text.plist.xml; path = "TweetRain-Info.plist"; sourceTree = "<group>"; };
		8D1107320486CEB800E47090 /* TweetRain.app */ = {isa = PBXFileReference; explicitFileType = wrapper.application; includeInIndex = 0; path = TweetRain.app; sourceTree = BUILT_PRODUCTS_DIR; };
		CF11767F15E90BD0001138F2 /* Credits.rtf */ = {isa = PBXFileReference; fileEncoding = 4; lastKnownFileType = text.rtf; path = Credits.rtf; sourceTree = "<group>"; };
		CF2A37D313752E6E001CAAAB /* User.h */ = {isa = PBXFileReference; fileEncoding = 4; lastKnownFileType = sourcecode.c.h; path = User.h; sourceTree = "<group>"; };
		CF2A37D413752E6E001CAAAB /* User.m */ = {isa = PBXFileReference; fileEncoding = 4; lastKnownFileType = sourcecode.c.objc; path = User.m; sourceTree = "<group>"; };
		CF2F8BD91390E0CB00D733CA /* SettingViewController.h */ = {isa = PBXFileReference; fileEncoding = 4; lastKnownFileType = sourcecode.c.h; path = SettingViewController.h; sourceTree = "<group>"; };
		CF2F8BDA1390E0CB00D733CA /* SettingViewController.m */ = {isa = PBXFileReference; fileEncoding = 4; lastKnownFileType = sourcecode.c.objc; path = SettingViewController.m; sourceTree = "<group>"; };
		CF2F8BDC1390E11500D733CA /* SettingViewController.xib */ = {isa = PBXFileReference; lastKnownFileType = file.xib; path = SettingViewController.xib; sourceTree = "<group>"; };
		CF3A187515D64F4100D8E07F /* FloodWindowController.h */ = {isa = PBXFileReference; fileEncoding = 4; lastKnownFileType = sourcecode.c.h; path = FloodWindowController.h; sourceTree = "<group>"; };
		CF3A187615D64F4100D8E07F /* FloodWindowController.m */ = {isa = PBXFileReference; fileEncoding = 4; lastKnownFileType = sourcecode.c.objc; path = FloodWindowController.m; sourceTree = "<group>"; };
		CF3A187715D64F4100D8E07F /* FloodWindowController.xib */ = {isa = PBXFileReference; fileEncoding = 4; lastKnownFileType = file.xib; path = FloodWindowController.xib; sourceTree = "<group>"; };
		CF3A187F15D651A100D8E07F /* FloodWindow.h */ = {isa = PBXFileReference; fileEncoding = 4; lastKnownFileType = sourcecode.c.h; path = FloodWindow.h; sourceTree = "<group>"; };
		CF3A188015D651A100D8E07F /* FloodWindow.m */ = {isa = PBXFileReference; fileEncoding = 4; lastKnownFileType = sourcecode.c.objc; path = FloodWindow.m; sourceTree = "<group>"; };
		CF3A188A15D6E82D00D8E07F /* QuartzCore.framework */ = {isa = PBXFileReference; lastKnownFileType = wrapper.framework; name = QuartzCore.framework; path = Platforms/MacOSX.platform/Developer/SDKs/MacOSX10.7.sdk/System/Library/Frameworks/QuartzCore.framework; sourceTree = DEVELOPER_DIR; };
		CF620A1A1A047554003EB806 /* Social.framework */ = {isa = PBXFileReference; lastKnownFileType = wrapper.framework; name = Social.framework; path = Platforms/MacOSX.platform/Developer/SDKs/MacOSX10.10.sdk/System/Library/Frameworks/Social.framework; sourceTree = DEVELOPER_DIR; };
		CF620A1C1A0476DC003EB806 /* Accounts.framework */ = {isa = PBXFileReference; lastKnownFileType = wrapper.framework; name = Accounts.framework; path = Platforms/MacOSX.platform/Developer/SDKs/MacOSX10.10.sdk/System/Library/Frameworks/Accounts.framework; sourceTree = DEVELOPER_DIR; };
		CF620A1F1A057CBE003EB806 /* StreamController.h */ = {isa = PBXFileReference; fileEncoding = 4; lastKnownFileType = sourcecode.c.h; path = StreamController.h; sourceTree = "<group>"; };
		CF620A201A057CBE003EB806 /* StreamController.m */ = {isa = PBXFileReference; fileEncoding = 4; lastKnownFileType = sourcecode.c.objc; path = StreamController.m; sourceTree = "<group>"; };
		CF66A55A1372CFE7000B1AFF /* NSView+Fade.h */ = {isa = PBXFileReference; fileEncoding = 4; lastKnownFileType = sourcecode.c.h; path = "NSView+Fade.h"; sourceTree = "<group>"; };
		CF66A55B1372CFE7000B1AFF /* NSView+Fade.m */ = {isa = PBXFileReference; fileEncoding = 4; lastKnownFileType = sourcecode.c.objc; path = "NSView+Fade.m"; sourceTree = "<group>"; };
		CF75438C13686342009E7292 /* TransparentView.h */ = {isa = PBXFileReference; fileEncoding = 4; lastKnownFileType = sourcecode.c.h; path = TransparentView.h; sourceTree = "<group>"; };
		CF75438D13686342009E7292 /* TransparentView.m */ = {isa = PBXFileReference; fileEncoding = 4; lastKnownFileType = sourcecode.c.objc; path = TransparentView.m; sourceTree = "<group>"; };
		CF75C5D31371947B0099F8E0 /* NSFileManager+DirectoryLocations.h */ = {isa = PBXFileReference; fileEncoding = 4; lastKnownFileType = sourcecode.c.h; path = "NSFileManager+DirectoryLocations.h"; sourceTree = "<group>"; };
		CF75C5D41371947B0099F8E0 /* NSFileManager+DirectoryLocations.m */ = {isa = PBXFileReference; fileEncoding = 4; lastKnownFileType = sourcecode.c.objc; path = "NSFileManager+DirectoryLocations.m"; sourceTree = "<group>"; };
		CF8BBEEA15E3C7E00064D90B /* SearchWindowController.h */ = {isa = PBXFileReference; fileEncoding = 4; lastKnownFileType = sourcecode.c.h; path = SearchWindowController.h; sourceTree = "<group>"; };
		CF8BBEEB15E3C7E00064D90B /* SearchWindowController.m */ = {isa = PBXFileReference; fileEncoding = 4; lastKnownFileType = sourcecode.c.objc; path = SearchWindowController.m; sourceTree = "<group>"; };
		CF8BBEEC15E3C7E00064D90B /* SearchWindowController.xib */ = {isa = PBXFileReference; fileEncoding = 4; lastKnownFileType = file.xib; path = SearchWindowController.xib; sourceTree = "<group>"; };
		CF8BBF4315E3EE690064D90B /* ComposeStatusViewController.h */ = {isa = PBXFileReference; fileEncoding = 4; lastKnownFileType = sourcecode.c.h; path = ComposeStatusViewController.h; sourceTree = "<group>"; };
		CF8BBF4415E3EE690064D90B /* ComposeStatusViewController.m */ = {isa = PBXFileReference; fileEncoding = 4; lastKnownFileType = sourcecode.c.objc; path = ComposeStatusViewController.m; sourceTree = "<group>"; };
		CF8BBF4515E3EE6A0064D90B /* ComposeStatusViewController.xib */ = {isa = PBXFileReference; fileEncoding = 4; lastKnownFileType = file.xib; path = ComposeStatusViewController.xib; sourceTree = "<group>"; };
		CF8FDEA815D4123700DD6DEA /* Cocoa.framework */ = {isa = PBXFileReference; lastKnownFileType = wrapper.framework; name = Cocoa.framework; path = Platforms/MacOSX.platform/Developer/SDKs/MacOSX10.7.sdk/System/Library/Frameworks/Cocoa.framework; sourceTree = DEVELOPER_DIR; };
		CF8FDEAA15D4124200DD6DEA /* libz.1.2.5.dylib */ = {isa = PBXFileReference; lastKnownFileType = "compiled.mach-o.dylib"; name = libz.1.2.5.dylib; path = Platforms/MacOSX.platform/Developer/SDKs/MacOSX10.7.sdk/usr/lib/libz.1.2.5.dylib; sourceTree = DEVELOPER_DIR; };
		CF8FDEAC15D4124900DD6DEA /* WebKit.framework */ = {isa = PBXFileReference; lastKnownFileType = wrapper.framework; name = WebKit.framework; path = Platforms/MacOSX.platform/Developer/SDKs/MacOSX10.7.sdk/System/Library/Frameworks/WebKit.framework; sourceTree = DEVELOPER_DIR; };
		CF8FDEAE15D4125200DD6DEA /* libxml2.dylib */ = {isa = PBXFileReference; lastKnownFileType = "compiled.mach-o.dylib"; name = libxml2.dylib; path = Platforms/MacOSX.platform/Developer/SDKs/MacOSX10.7.sdk/usr/lib/libxml2.dylib; sourceTree = DEVELOPER_DIR; };
		CF8FDEB015D4131200DD6DEA /* FloodAppDelegate.m */ = {isa = PBXFileReference; fileEncoding = 4; lastKnownFileType = sourcecode.c.objc; path = FloodAppDelegate.m; sourceTree = "<group>"; };
		CF9F9E351534567B000AE741 /* Status.h */ = {isa = PBXFileReference; fileEncoding = 4; lastKnownFileType = sourcecode.c.h; path = Status.h; sourceTree = "<group>"; };
		CF9F9E361534567B000AE741 /* Status.m */ = {isa = PBXFileReference; fileEncoding = 4; lastKnownFileType = sourcecode.c.objc; path = Status.m; sourceTree = "<group>"; };
		CFA1BB5614DC514D000566A0 /* SettingManager.h */ = {isa = PBXFileReference; fileEncoding = 4; lastKnownFileType = sourcecode.c.h; path = SettingManager.h; sourceTree = "<group>"; };
		CFA1BB5714DC514D000566A0 /* SettingManager.m */ = {isa = PBXFileReference; fileEncoding = 4; lastKnownFileType = sourcecode.c.objc; path = SettingManager.m; sourceTree = "<group>"; };
		CFA5111E1369AD11004A81D7 /* CustomTitleBar.h */ = {isa = PBXFileReference; fileEncoding = 4; lastKnownFileType = sourcecode.c.h; path = CustomTitleBar.h; sourceTree = "<group>"; };
		CFA5111F1369AD11004A81D7 /* CustomTitleBar.m */ = {isa = PBXFileReference; fileEncoding = 4; lastKnownFileType = sourcecode.c.objc; path = CustomTitleBar.m; sourceTree = "<group>"; };
		CFA5115D1369B18D004A81D7 /* CustomDragView.h */ = {isa = PBXFileReference; fileEncoding = 4; lastKnownFileType = sourcecode.c.h; path = CustomDragView.h; sourceTree = "<group>"; };
		CFA5115E1369B18D004A81D7 /* CustomDragView.m */ = {isa = PBXFileReference; fileEncoding = 4; lastKnownFileType = sourcecode.c.objc; path = CustomDragView.m; sourceTree = "<group>"; };
		CFB3613813996A3D0005F33D /* DBPrefsWindowController.h */ = {isa = PBXFileReference; fileEncoding = 4; lastKnownFileType = sourcecode.c.h; path = DBPrefsWindowController.h; sourceTree = "<group>"; };
		CFB3613913996A3D0005F33D /* DBPrefsWindowController.m */ = {isa = PBXFileReference; fileEncoding = 4; lastKnownFileType = sourcecode.c.objc; path = DBPrefsWindowController.m; sourceTree = "<group>"; };
		CFC3791C139A7FB10072F001 /* CenteredTextCell.h */ = {isa = PBXFileReference; fileEncoding = 4; lastKnownFileType = sourcecode.c.h; path = CenteredTextCell.h; sourceTree = "<group>"; };
		CFC3791D139A7FB10072F001 /* CenteredTextCell.m */ = {isa = PBXFileReference; fileEncoding = 4; lastKnownFileType = sourcecode.c.objc; path = CenteredTextCell.m; sourceTree = "<group>"; };
		CFC6596514D32A32008299B3 /* NSMutableURLRequest+Parameters.h */ = {isa = PBXFileReference; fileEncoding = 4; lastKnownFileType = sourcecode.c.h; path = "NSMutableURLRequest+Parameters.h"; sourceTree = "<group>"; };
		CFC6596614D32A32008299B3 /* NSMutableURLRequest+Parameters.m */ = {isa = PBXFileReference; fileEncoding = 4; lastKnownFileType = sourcecode.c.objc; path = "NSMutableURLRequest+Parameters.m"; sourceTree = "<group>"; };
		CFC6596714D32A32008299B3 /* NSString+URLEncoding.h */ = {isa = PBXFileReference; fileEncoding = 4; lastKnownFileType = sourcecode.c.h; path = "NSString+URLEncoding.h"; sourceTree = "<group>"; };
		CFC6596814D32A32008299B3 /* NSString+URLEncoding.m */ = {isa = PBXFileReference; fileEncoding = 4; lastKnownFileType = sourcecode.c.objc; path = "NSString+URLEncoding.m"; sourceTree = "<group>"; };
		CFC6596914D32A32008299B3 /* NSURL+Base.h */ = {isa = PBXFileReference; fileEncoding = 4; lastKnownFileType = sourcecode.c.h; path = "NSURL+Base.h"; sourceTree = "<group>"; };
		CFC6596A14D32A32008299B3 /* NSURL+Base.m */ = {isa = PBXFileReference; fileEncoding = 4; lastKnownFileType = sourcecode.c.objc; path = "NSURL+Base.m"; sourceTree = "<group>"; };
		CFC6596C14D32A32008299B3 /* Base64Transcoder.c */ = {isa = PBXFileReference; fileEncoding = 4; lastKnownFileType = sourcecode.c.c; path = Base64Transcoder.c; sourceTree = "<group>"; };
		CFC6596D14D32A32008299B3 /* Base64Transcoder.h */ = {isa = PBXFileReference; fileEncoding = 4; lastKnownFileType = sourcecode.c.h; path = Base64Transcoder.h; sourceTree = "<group>"; };
		CFC6596E14D32A32008299B3 /* hmac.c */ = {isa = PBXFileReference; fileEncoding = 4; lastKnownFileType = sourcecode.c.c; path = hmac.c; sourceTree = "<group>"; };
		CFC6596F14D32A32008299B3 /* hmac.h */ = {isa = PBXFileReference; fileEncoding = 4; lastKnownFileType = sourcecode.c.h; path = hmac.h; sourceTree = "<group>"; };
		CFC6597014D32A32008299B3 /* sha1.c */ = {isa = PBXFileReference; fileEncoding = 4; lastKnownFileType = sourcecode.c.c; path = sha1.c; sourceTree = "<group>"; };
		CFC6597114D32A32008299B3 /* sha1.h */ = {isa = PBXFileReference; fileEncoding = 4; lastKnownFileType = sourcecode.c.h; path = sha1.h; sourceTree = "<group>"; };
		CFC6597214D32A32008299B3 /* OAAttachment.h */ = {isa = PBXFileReference; fileEncoding = 4; lastKnownFileType = sourcecode.c.h; path = OAAttachment.h; sourceTree = "<group>"; };
		CFC6597314D32A32008299B3 /* OAAttachment.m */ = {isa = PBXFileReference; fileEncoding = 4; lastKnownFileType = sourcecode.c.objc; path = OAAttachment.m; sourceTree = "<group>"; };
		CFC6597414D32A32008299B3 /* OACall.h */ = {isa = PBXFileReference; fileEncoding = 4; lastKnownFileType = sourcecode.c.h; path = OACall.h; sourceTree = "<group>"; };
		CFC6597514D32A32008299B3 /* OACall.m */ = {isa = PBXFileReference; fileEncoding = 4; lastKnownFileType = sourcecode.c.objc; path = OACall.m; sourceTree = "<group>"; };
		CFC6597614D32A32008299B3 /* OAConsumer.h */ = {isa = PBXFileReference; fileEncoding = 4; lastKnownFileType = sourcecode.c.h; path = OAConsumer.h; sourceTree = "<group>"; };
		CFC6597714D32A32008299B3 /* OAConsumer.m */ = {isa = PBXFileReference; fileEncoding = 4; lastKnownFileType = sourcecode.c.objc; path = OAConsumer.m; sourceTree = "<group>"; };
		CFC6597814D32A32008299B3 /* OADataFetcher.h */ = {isa = PBXFileReference; fileEncoding = 4; lastKnownFileType = sourcecode.c.h; path = OADataFetcher.h; sourceTree = "<group>"; };
		CFC6597914D32A32008299B3 /* OADataFetcher.m */ = {isa = PBXFileReference; fileEncoding = 4; lastKnownFileType = sourcecode.c.objc; path = OADataFetcher.m; sourceTree = "<group>"; };
		CFC6597A14D32A32008299B3 /* OAHMAC_SHA1SignatureProvider.h */ = {isa = PBXFileReference; fileEncoding = 4; lastKnownFileType = sourcecode.c.h; path = OAHMAC_SHA1SignatureProvider.h; sourceTree = "<group>"; };
		CFC6597B14D32A32008299B3 /* OAHMAC_SHA1SignatureProvider.m */ = {isa = PBXFileReference; fileEncoding = 4; lastKnownFileType = sourcecode.c.objc; path = OAHMAC_SHA1SignatureProvider.m; sourceTree = "<group>"; };
		CFC6597C14D32A32008299B3 /* OAMutableURLRequest.h */ = {isa = PBXFileReference; fileEncoding = 4; lastKnownFileType = sourcecode.c.h; path = OAMutableURLRequest.h; sourceTree = "<group>"; };
		CFC6597D14D32A32008299B3 /* OAMutableURLRequest.m */ = {isa = PBXFileReference; fileEncoding = 4; lastKnownFileType = sourcecode.c.objc; path = OAMutableURLRequest.m; sourceTree = "<group>"; };
		CFC6597E14D32A32008299B3 /* OAPlaintextSignatureProvider.h */ = {isa = PBXFileReference; fileEncoding = 4; lastKnownFileType = sourcecode.c.h; path = OAPlaintextSignatureProvider.h; sourceTree = "<group>"; };
		CFC6597F14D32A32008299B3 /* OAPlaintextSignatureProvider.m */ = {isa = PBXFileReference; fileEncoding = 4; lastKnownFileType = sourcecode.c.objc; path = OAPlaintextSignatureProvider.m; sourceTree = "<group>"; };
		CFC6598014D32A32008299B3 /* OAProblem.h */ = {isa = PBXFileReference; fileEncoding = 4; lastKnownFileType = sourcecode.c.h; path = OAProblem.h; sourceTree = "<group>"; };
		CFC6598114D32A32008299B3 /* OAProblem.m */ = {isa = PBXFileReference; fileEncoding = 4; lastKnownFileType = sourcecode.c.objc; path = OAProblem.m; sourceTree = "<group>"; };
		CFC6598214D32A32008299B3 /* OARequestParameter.h */ = {isa = PBXFileReference; fileEncoding = 4; lastKnownFileType = sourcecode.c.h; path = OARequestParameter.h; sourceTree = "<group>"; };
		CFC6598314D32A32008299B3 /* OARequestParameter.m */ = {isa = PBXFileReference; fileEncoding = 4; lastKnownFileType = sourcecode.c.objc; path = OARequestParameter.m; sourceTree = "<group>"; };
		CFC6598414D32A32008299B3 /* OAServiceTicket.h */ = {isa = PBXFileReference; fileEncoding = 4; lastKnownFileType = sourcecode.c.h; path = OAServiceTicket.h; sourceTree = "<group>"; };
		CFC6598514D32A32008299B3 /* OAServiceTicket.m */ = {isa = PBXFileReference; fileEncoding = 4; lastKnownFileType = sourcecode.c.objc; path = OAServiceTicket.m; sourceTree = "<group>"; };
		CFC6598614D32A32008299B3 /* OASignatureProviding.h */ = {isa = PBXFileReference; fileEncoding = 4; lastKnownFileType = sourcecode.c.h; path = OASignatureProviding.h; sourceTree = "<group>"; };
		CFC6598714D32A32008299B3 /* OATestServer.rb */ = {isa = PBXFileReference; fileEncoding = 4; lastKnownFileType = text.script.ruby; path = OATestServer.rb; sourceTree = "<group>"; };
		CFC6598814D32A32008299B3 /* OAToken.h */ = {isa = PBXFileReference; fileEncoding = 4; lastKnownFileType = sourcecode.c.h; path = OAToken.h; sourceTree = "<group>"; };
		CFC6598914D32A32008299B3 /* OAToken.m */ = {isa = PBXFileReference; fileEncoding = 4; lastKnownFileType = sourcecode.c.objc; path = OAToken.m; sourceTree = "<group>"; };
		CFC6598A14D32A32008299B3 /* OATokenManager.h */ = {isa = PBXFileReference; fileEncoding = 4; lastKnownFileType = sourcecode.c.h; path = OATokenManager.h; sourceTree = "<group>"; };
		CFC6598B14D32A32008299B3 /* OATokenManager.m */ = {isa = PBXFileReference; fileEncoding = 4; lastKnownFileType = sourcecode.c.objc; path = OATokenManager.m; sourceTree = "<group>"; };
		CFC6598C14D32A32008299B3 /* OAuthConsumer.h */ = {isa = PBXFileReference; fileEncoding = 4; lastKnownFileType = sourcecode.c.h; path = OAuthConsumer.h; sourceTree = "<group>"; };
		CFC6598D14D32A32008299B3 /* README */ = {isa = PBXFileReference; fileEncoding = 4; lastKnownFileType = text; path = README; sourceTree = "<group>"; };
		CFC65A7A14D32A8F008299B3 /* CDataScanner.h */ = {isa = PBXFileReference; fileEncoding = 4; lastKnownFileType = sourcecode.c.h; path = CDataScanner.h; sourceTree = "<group>"; };
		CFC65A7B14D32A8F008299B3 /* CDataScanner.m */ = {isa = PBXFileReference; fileEncoding = 4; lastKnownFileType = sourcecode.c.objc; path = CDataScanner.m; sourceTree = "<group>"; };
		CFC65A7D14D32A8F008299B3 /* CFilteringJSONSerializer.h */ = {isa = PBXFileReference; fileEncoding = 4; lastKnownFileType = sourcecode.c.h; path = CFilteringJSONSerializer.h; sourceTree = "<group>"; };
		CFC65A7E14D32A8F008299B3 /* CFilteringJSONSerializer.m */ = {isa = PBXFileReference; fileEncoding = 4; lastKnownFileType = sourcecode.c.objc; path = CFilteringJSONSerializer.m; sourceTree = "<group>"; };
		CFC65A7F14D32A8F008299B3 /* CJSONDeserializer_BlocksExtensions.h */ = {isa = PBXFileReference; fileEncoding = 4; lastKnownFileType = sourcecode.c.h; path = CJSONDeserializer_BlocksExtensions.h; sourceTree = "<group>"; };
		CFC65A8014D32A8F008299B3 /* CJSONDeserializer_BlocksExtensions.m */ = {isa = PBXFileReference; fileEncoding = 4; lastKnownFileType = sourcecode.c.objc; path = CJSONDeserializer_BlocksExtensions.m; sourceTree = "<group>"; };
		CFC65A8114D32A8F008299B3 /* CJSONSerialization.h */ = {isa = PBXFileReference; fileEncoding = 4; lastKnownFileType = sourcecode.c.h; path = CJSONSerialization.h; sourceTree = "<group>"; };
		CFC65A8214D32A8F008299B3 /* CJSONSerialization.m */ = {isa = PBXFileReference; fileEncoding = 4; lastKnownFileType = sourcecode.c.objc; path = CJSONSerialization.m; sourceTree = "<group>"; };
		CFC65A8314D32A8F008299B3 /* CJSONSerializedData.h */ = {isa = PBXFileReference; fileEncoding = 4; lastKnownFileType = sourcecode.c.h; path = CJSONSerializedData.h; sourceTree = "<group>"; };
		CFC65A8414D32A8F008299B3 /* CJSONSerializedData.m */ = {isa = PBXFileReference; fileEncoding = 4; lastKnownFileType = sourcecode.c.objc; path = CJSONSerializedData.m; sourceTree = "<group>"; };
		CFC65A8614D32A8F008299B3 /* CDataScanner_Extensions.h */ = {isa = PBXFileReference; fileEncoding = 4; lastKnownFileType = sourcecode.c.h; path = CDataScanner_Extensions.h; sourceTree = "<group>"; };
		CFC65A8714D32A8F008299B3 /* CDataScanner_Extensions.m */ = {isa = PBXFileReference; fileEncoding = 4; lastKnownFileType = sourcecode.c.objc; path = CDataScanner_Extensions.m; sourceTree = "<group>"; };
		CFC65A8814D32A8F008299B3 /* NSDictionary_JSONExtensions.h */ = {isa = PBXFileReference; fileEncoding = 4; lastKnownFileType = sourcecode.c.h; path = NSDictionary_JSONExtensions.h; sourceTree = "<group>"; };
		CFC65A8914D32A8F008299B3 /* NSDictionary_JSONExtensions.m */ = {isa = PBXFileReference; fileEncoding = 4; lastKnownFileType = sourcecode.c.objc; path = NSDictionary_JSONExtensions.m; sourceTree = "<group>"; };
		CFC65A8B14D32A8F008299B3 /* CJSONDeserializer.h */ = {isa = PBXFileReference; fileEncoding = 4; lastKnownFileType = sourcecode.c.h; path = CJSONDeserializer.h; sourceTree = "<group>"; };
		CFC65A8C14D32A8F008299B3 /* CJSONDeserializer.m */ = {isa = PBXFileReference; fileEncoding = 4; lastKnownFileType = sourcecode.c.objc; path = CJSONDeserializer.m; sourceTree = "<group>"; };
		CFC65A8D14D32A8F008299B3 /* CJSONScanner.h */ = {isa = PBXFileReference; fileEncoding = 4; lastKnownFileType = sourcecode.c.h; path = CJSONScanner.h; sourceTree = "<group>"; };
		CFC65A8E14D32A8F008299B3 /* CJSONScanner.m */ = {isa = PBXFileReference; fileEncoding = 4; lastKnownFileType = sourcecode.c.objc; path = CJSONScanner.m; sourceTree = "<group>"; };
		CFC65A8F14D32A8F008299B3 /* CJSONSerializer.h */ = {isa = PBXFileReference; fileEncoding = 4; lastKnownFileType = sourcecode.c.h; path = CJSONSerializer.h; sourceTree = "<group>"; };
		CFC65A9014D32A8F008299B3 /* CJSONSerializer.m */ = {isa = PBXFileReference; fileEncoding = 4; lastKnownFileType = sourcecode.c.objc; path = CJSONSerializer.m; sourceTree = "<group>"; };
		CFC65A9114D32A8F008299B3 /* JSONRepresentation.h */ = {isa = PBXFileReference; fileEncoding = 4; lastKnownFileType = sourcecode.c.h; path = JSONRepresentation.h; sourceTree = "<group>"; };
		CFC9AD5915EBD63D00CC52F9 /* icon.iconset */ = {isa = PBXFileReference; lastKnownFileType = folder.iconset; path = icon.iconset; sourceTree = "<group>"; };
		CFCB21EA1A1FA68900202991 /* Crashlytics.framework */ = {isa = PBXFileReference; lastKnownFileType = wrapper.framework; path = Crashlytics.framework; sourceTree = "<group>"; };
		CFCB21EC1A1FB4A500202991 /* TweetRain.entitlements */ = {isa = PBXFileReference; lastKnownFileType = text.xml; path = TweetRain.entitlements; sourceTree = "<group>"; };
		CFCB21ED1A1FBA2500202991 /* Images.xcassets */ = {isa = PBXFileReference; lastKnownFileType = folder.assetcatalog; name = Images.xcassets; path = TweetRain/Images.xcassets; sourceTree = "<group>"; };
		CFE8F5B615D7CBFA00815830 /* RainDropViewController.h */ = {isa = PBXFileReference; fileEncoding = 4; lastKnownFileType = sourcecode.c.h; path = RainDropViewController.h; sourceTree = "<group>"; };
		CFE8F5B815D7CBFA00815830 /* RainDropViewController.xib */ = {isa = PBXFileReference; fileEncoding = 4; lastKnownFileType = file.xib; path = RainDropViewController.xib; sourceTree = "<group>"; };
		CFE8F5BC15D7E88600815830 /* RainDropViewController.m */ = {isa = PBXFileReference; fileEncoding = 4; lastKnownFileType = sourcecode.c.objc; path = RainDropViewController.m; sourceTree = "<group>"; };
		CFE8F5BE15D7E9F100815830 /* RainDropView.h */ = {isa = PBXFileReference; fileEncoding = 4; lastKnownFileType = sourcecode.c.h; path = RainDropView.h; sourceTree = "<group>"; };
		CFE8F5BF15D7E9F100815830 /* RainDropView.m */ = {isa = PBXFileReference; fileEncoding = 4; lastKnownFileType = sourcecode.c.objc; path = RainDropView.m; sourceTree = "<group>"; };
		CFE8F5C115D7FC4900815830 /* RainDropTextFieldCell.h */ = {isa = PBXFileReference; fileEncoding = 4; lastKnownFileType = sourcecode.c.h; path = RainDropTextFieldCell.h; sourceTree = "<group>"; };
		CFE8F5C215D7FC4900815830 /* RainDropTextFieldCell.m */ = {isa = PBXFileReference; fileEncoding = 4; lastKnownFileType = sourcecode.c.objc; path = RainDropTextFieldCell.m; sourceTree = "<group>"; };
		CFFAE5DD15E02D3400389518 /* RainDropDetailViewController.h */ = {isa = PBXFileReference; fileEncoding = 4; lastKnownFileType = sourcecode.c.h; path = RainDropDetailViewController.h; sourceTree = "<group>"; };
		CFFAE5DE15E02D3400389518 /* RainDropDetailViewController.m */ = {isa = PBXFileReference; fileEncoding = 4; lastKnownFileType = sourcecode.c.objc; path = RainDropDetailViewController.m; sourceTree = "<group>"; };
		CFFAE5DF15E02D3400389518 /* RainDropDetailViewController.xib */ = {isa = PBXFileReference; fileEncoding = 4; lastKnownFileType = file.xib; path = RainDropDetailViewController.xib; sourceTree = "<group>"; };
		CFFAE5F115E0E9DD00389518 /* WebImageView.h */ = {isa = PBXFileReference; fileEncoding = 4; lastKnownFileType = sourcecode.c.h; path = WebImageView.h; sourceTree = "<group>"; };
		CFFAE5F215E0E9DD00389518 /* WebImageView.m */ = {isa = PBXFileReference; fileEncoding = 4; lastKnownFileType = sourcecode.c.objc; path = WebImageView.m; sourceTree = "<group>"; };
		F604A10DF7B9A2E1A9523E1F /* Pods.debug.xcconfig */ = {isa = PBXFileReference; includeInIndex = 1; lastKnownFileType = text.xcconfig; name = Pods.debug.xcconfig; path = "Pods/Target Support Files/Pods/Pods.debug.xcconfig"; sourceTree = "<group>"; };
		FD68B818772D1FDEAE662C14 /* libPods.a */ = {isa = PBXFileReference; explicitFileType = archive.ar; includeInIndex = 0; path = libPods.a; sourceTree = BUILT_PRODUCTS_DIR; };
/* End PBXFileReference section */

/* Begin PBXFrameworksBuildPhase section */
		8D11072E0486CEB800E47090 /* Frameworks */ = {
			isa = PBXFrameworksBuildPhase;
			buildActionMask = 2147483647;
			files = (
				CF620A1D1A0476DC003EB806 /* Accounts.framework in Frameworks */,
				CFCB21EB1A1FA68900202991 /* Crashlytics.framework in Frameworks */,
				CF620A1B1A047554003EB806 /* Social.framework in Frameworks */,
				CF3A188B15D6E82D00D8E07F /* QuartzCore.framework in Frameworks */,
				CF8FDEAF15D4125200DD6DEA /* libxml2.dylib in Frameworks */,
				CF8FDEAD15D4124A00DD6DEA /* WebKit.framework in Frameworks */,
				CF8FDEAB15D4124200DD6DEA /* libz.1.2.5.dylib in Frameworks */,
				CF8FDEA915D4123700DD6DEA /* Cocoa.framework in Frameworks */,
				1D9852EDDF1D3C76D1A088BB /* libPods.a in Frameworks */,
			);
			runOnlyForDeploymentPostprocessing = 0;
		};
/* End PBXFrameworksBuildPhase section */

/* Begin PBXGroup section */
		080E96DDFE201D6D7F000001 /* Classes */ = {
			isa = PBXGroup;
			children = (
				256AC3D80F4B6AC300CF3369 /* FloodAppDelegate.h */,
				CF8FDEB015D4131200DD6DEA /* FloodAppDelegate.m */,
				CF3A187515D64F4100D8E07F /* FloodWindowController.h */,
				CF3A187615D64F4100D8E07F /* FloodWindowController.m */,
				CF3A187715D64F4100D8E07F /* FloodWindowController.xib */,
				CF3A187F15D651A100D8E07F /* FloodWindow.h */,
				CF3A188015D651A100D8E07F /* FloodWindow.m */,
				CFE8F5B615D7CBFA00815830 /* RainDropViewController.h */,
				CFE8F5BC15D7E88600815830 /* RainDropViewController.m */,
				CFE8F5B815D7CBFA00815830 /* RainDropViewController.xib */,
				CFE8F5BE15D7E9F100815830 /* RainDropView.h */,
				CFE8F5BF15D7E9F100815830 /* RainDropView.m */,
				CFE8F5C115D7FC4900815830 /* RainDropTextFieldCell.h */,
				CFE8F5C215D7FC4900815830 /* RainDropTextFieldCell.m */,
				CFFAE5DD15E02D3400389518 /* RainDropDetailViewController.h */,
				CFFAE5DE15E02D3400389518 /* RainDropDetailViewController.m */,
				CFFAE5DF15E02D3400389518 /* RainDropDetailViewController.xib */,
				CF8BBEEA15E3C7E00064D90B /* SearchWindowController.h */,
				CF8BBEEB15E3C7E00064D90B /* SearchWindowController.m */,
				CF8BBEEC15E3C7E00064D90B /* SearchWindowController.xib */,
				CF8BBF4315E3EE690064D90B /* ComposeStatusViewController.h */,
				CF8BBF4415E3EE690064D90B /* ComposeStatusViewController.m */,
				CF8BBF4515E3EE6A0064D90B /* ComposeStatusViewController.xib */,
				CF620A1E1A057C9A003EB806 /* StreamController */,
				CF9F62081563D548004C6514 /* Settings */,
			);
			name = Classes;
			sourceTree = "<group>";
		};
		1058C7A0FEA54F0111CA2CBB /* Linked Frameworks */ = {
			isa = PBXGroup;
			children = (
				1058C7A1FEA54F0111CA2CBB /* Cocoa.framework */,
			);
			name = "Linked Frameworks";
			sourceTree = "<group>";
		};
		1058C7A2FEA54F0111CA2CBB /* Other Frameworks */ = {
			isa = PBXGroup;
			children = (
				CF3A188A15D6E82D00D8E07F /* QuartzCore.framework */,
				CF8FDEAE15D4125200DD6DEA /* libxml2.dylib */,
				CF8FDEAC15D4124900DD6DEA /* WebKit.framework */,
				CF8FDEAA15D4124200DD6DEA /* libz.1.2.5.dylib */,
				CF8FDEA815D4123700DD6DEA /* Cocoa.framework */,
				29B97324FDCFA39411CA2CEA /* AppKit.framework */,
				13E42FB307B3F0F600E4EEF1 /* CoreData.framework */,
				29B97325FDCFA39411CA2CEA /* Foundation.framework */,
			);
			name = "Other Frameworks";
			sourceTree = "<group>";
		};
		19C28FACFE9D520D11CA2CBB /* Products */ = {
			isa = PBXGroup;
			children = (
				8D1107320486CEB800E47090 /* TweetRain.app */,
			);
			name = Products;
			sourceTree = "<group>";
		};
		29B97314FDCFA39411CA2CEA /* Smarkin */ = {
			isa = PBXGroup;
			children = (
				CFCB21EC1A1FB4A500202991 /* TweetRain.entitlements */,
				080E96DDFE201D6D7F000001 /* Classes */,
				29B97315FDCFA39411CA2CEA /* Other Sources */,
				29B97317FDCFA39411CA2CEA /* Resources */,
				29B97323FDCFA39411CA2CEA /* Frameworks */,
				19C28FACFE9D520D11CA2CBB /* Products */,
				693ACD1B1A57B1C2BD35BC8A /* Pods */,
			);
			name = Smarkin;
			sourceTree = "<group>";
		};
		29B97315FDCFA39411CA2CEA /* Other Sources */ = {
			isa = PBXGroup;
			children = (
				256AC3F00F4B6AF500CF3369 /* TweetRain_Prefix.pch */,
				29B97316FDCFA39411CA2CEA /* main.m */,
				CF75438C13686342009E7292 /* TransparentView.h */,
				CF75438D13686342009E7292 /* TransparentView.m */,
				CFA5111E1369AD11004A81D7 /* CustomTitleBar.h */,
				CFA5111F1369AD11004A81D7 /* CustomTitleBar.m */,
				CFA5115D1369B18D004A81D7 /* CustomDragView.h */,
				CFA5115E1369B18D004A81D7 /* CustomDragView.m */,
				CF75C5D31371947B0099F8E0 /* NSFileManager+DirectoryLocations.h */,
				CF75C5D41371947B0099F8E0 /* NSFileManager+DirectoryLocations.m */,
				CF66A55A1372CFE7000B1AFF /* NSView+Fade.h */,
				CF66A55B1372CFE7000B1AFF /* NSView+Fade.m */,
				CFFAE5F115E0E9DD00389518 /* WebImageView.h */,
				CFFAE5F215E0E9DD00389518 /* WebImageView.m */,
				CFB3613813996A3D0005F33D /* DBPrefsWindowController.h */,
				CFB3613913996A3D0005F33D /* DBPrefsWindowController.m */,
				CFC3791C139A7FB10072F001 /* CenteredTextCell.h */,
				CFC3791D139A7FB10072F001 /* CenteredTextCell.m */,
				CF2A37D313752E6E001CAAAB /* User.h */,
				CF2A37D413752E6E001CAAAB /* User.m */,
				CF9F9E351534567B000AE741 /* Status.h */,
				CF9F9E361534567B000AE741 /* Status.m */,
			);
			name = "Other Sources";
			sourceTree = "<group>";
		};
		29B97317FDCFA39411CA2CEA /* Resources */ = {
			isa = PBXGroup;
			children = (
				CFCB21ED1A1FBA2500202991 /* Images.xcassets */,
				CFC65A7814D32A74008299B3 /* TouchJSON */,
				CFC6596314D32A32008299B3 /* oauthconsumer */,
				CF240265136C07980020648C /* image */,
				8D1107310486CEB800E47090 /* TweetRain-Info.plist */,
				089C165CFE840E0CC02AAC07 /* InfoPlist.strings */,
				CF11767F15E90BD0001138F2 /* Credits.rtf */,
				1DDD58140DA1D0A300B32029 /* MainMenu.xib */,
				CFC9AD5915EBD63D00CC52F9 /* icon.iconset */,
			);
			name = Resources;
			sourceTree = "<group>";
		};
		29B97323FDCFA39411CA2CEA /* Frameworks */ = {
			isa = PBXGroup;
			children = (
				CFCB21EA1A1FA68900202991 /* Crashlytics.framework */,
				CF620A1C1A0476DC003EB806 /* Accounts.framework */,
				CF620A1A1A047554003EB806 /* Social.framework */,
				1058C7A0FEA54F0111CA2CBB /* Linked Frameworks */,
				1058C7A2FEA54F0111CA2CBB /* Other Frameworks */,
				FD68B818772D1FDEAE662C14 /* libPods.a */,
			);
			name = Frameworks;
			sourceTree = "<group>";
		};
		693ACD1B1A57B1C2BD35BC8A /* Pods */ = {
			isa = PBXGroup;
			children = (
				F604A10DF7B9A2E1A9523E1F /* Pods.debug.xcconfig */,
				228171F945669C28FD5CE044 /* Pods.release.xcconfig */,
			);
			name = Pods;
			sourceTree = "<group>";
		};
		CF240265136C07980020648C /* image */ = {
			isa = PBXGroup;
			children = (
			);
			name = image;
			sourceTree = "<group>";
		};
		CF620A1E1A057C9A003EB806 /* StreamController */ = {
			isa = PBXGroup;
			children = (
				CF620A1F1A057CBE003EB806 /* StreamController.h */,
				CF620A201A057CBE003EB806 /* StreamController.m */,
			);
			name = StreamController;
			sourceTree = "<group>";
		};
		CF9F62081563D548004C6514 /* Settings */ = {
			isa = PBXGroup;
			children = (
				CF2F8BD91390E0CB00D733CA /* SettingViewController.h */,
				CF2F8BDA1390E0CB00D733CA /* SettingViewController.m */,
				CF2F8BDC1390E11500D733CA /* SettingViewController.xib */,
				CFA1BB5614DC514D000566A0 /* SettingManager.h */,
				CFA1BB5714DC514D000566A0 /* SettingManager.m */,
			);
			name = Settings;
			sourceTree = "<group>";
		};
		CFC6596314D32A32008299B3 /* oauthconsumer */ = {
			isa = PBXGroup;
			children = (
				CFC6596414D32A32008299B3 /* Categories */,
				CFC6596B14D32A32008299B3 /* Crypto */,
				CFC6597214D32A32008299B3 /* OAAttachment.h */,
				CFC6597314D32A32008299B3 /* OAAttachment.m */,
				CFC6597414D32A32008299B3 /* OACall.h */,
				CFC6597514D32A32008299B3 /* OACall.m */,
				CFC6597614D32A32008299B3 /* OAConsumer.h */,
				CFC6597714D32A32008299B3 /* OAConsumer.m */,
				CFC6597814D32A32008299B3 /* OADataFetcher.h */,
				CFC6597914D32A32008299B3 /* OADataFetcher.m */,
				CFC6597A14D32A32008299B3 /* OAHMAC_SHA1SignatureProvider.h */,
				CFC6597B14D32A32008299B3 /* OAHMAC_SHA1SignatureProvider.m */,
				CFC6597C14D32A32008299B3 /* OAMutableURLRequest.h */,
				CFC6597D14D32A32008299B3 /* OAMutableURLRequest.m */,
				CFC6597E14D32A32008299B3 /* OAPlaintextSignatureProvider.h */,
				CFC6597F14D32A32008299B3 /* OAPlaintextSignatureProvider.m */,
				CFC6598014D32A32008299B3 /* OAProblem.h */,
				CFC6598114D32A32008299B3 /* OAProblem.m */,
				CFC6598214D32A32008299B3 /* OARequestParameter.h */,
				CFC6598314D32A32008299B3 /* OARequestParameter.m */,
				CFC6598414D32A32008299B3 /* OAServiceTicket.h */,
				CFC6598514D32A32008299B3 /* OAServiceTicket.m */,
				CFC6598614D32A32008299B3 /* OASignatureProviding.h */,
				CFC6598714D32A32008299B3 /* OATestServer.rb */,
				CFC6598814D32A32008299B3 /* OAToken.h */,
				CFC6598914D32A32008299B3 /* OAToken.m */,
				CFC6598A14D32A32008299B3 /* OATokenManager.h */,
				CFC6598B14D32A32008299B3 /* OATokenManager.m */,
				CFC6598C14D32A32008299B3 /* OAuthConsumer.h */,
				CFC6598D14D32A32008299B3 /* README */,
			);
			name = oauthconsumer;
			path = Frameworks/oauthconsumer;
			sourceTree = "<group>";
		};
		CFC6596414D32A32008299B3 /* Categories */ = {
			isa = PBXGroup;
			children = (
				CFC6596514D32A32008299B3 /* NSMutableURLRequest+Parameters.h */,
				CFC6596614D32A32008299B3 /* NSMutableURLRequest+Parameters.m */,
				CFC6596714D32A32008299B3 /* NSString+URLEncoding.h */,
				CFC6596814D32A32008299B3 /* NSString+URLEncoding.m */,
				CFC6596914D32A32008299B3 /* NSURL+Base.h */,
				CFC6596A14D32A32008299B3 /* NSURL+Base.m */,
			);
			path = Categories;
			sourceTree = "<group>";
		};
		CFC6596B14D32A32008299B3 /* Crypto */ = {
			isa = PBXGroup;
			children = (
				CFC6596C14D32A32008299B3 /* Base64Transcoder.c */,
				CFC6596D14D32A32008299B3 /* Base64Transcoder.h */,
				CFC6596E14D32A32008299B3 /* hmac.c */,
				CFC6596F14D32A32008299B3 /* hmac.h */,
				CFC6597014D32A32008299B3 /* sha1.c */,
				CFC6597114D32A32008299B3 /* sha1.h */,
			);
			path = Crypto;
			sourceTree = "<group>";
		};
		CFC65A7814D32A74008299B3 /* TouchJSON */ = {
			isa = PBXGroup;
			children = (
				CFC65A7914D32A8F008299B3 /* Source */,
			);
			name = TouchJSON;
			sourceTree = "<group>";
		};
		CFC65A7914D32A8F008299B3 /* Source */ = {
			isa = PBXGroup;
			children = (
				CFC65A7A14D32A8F008299B3 /* CDataScanner.h */,
				CFC65A7B14D32A8F008299B3 /* CDataScanner.m */,
				CFC65A7C14D32A8F008299B3 /* Experimental */,
				CFC65A8514D32A8F008299B3 /* Extensions */,
				CFC65A8A14D32A8F008299B3 /* JSON */,
			);
			name = Source;
			path = Frameworks/TouchJSON/Source;
			sourceTree = "<group>";
		};
		CFC65A7C14D32A8F008299B3 /* Experimental */ = {
			isa = PBXGroup;
			children = (
				CFC65A7D14D32A8F008299B3 /* CFilteringJSONSerializer.h */,
				CFC65A7E14D32A8F008299B3 /* CFilteringJSONSerializer.m */,
				CFC65A7F14D32A8F008299B3 /* CJSONDeserializer_BlocksExtensions.h */,
				CFC65A8014D32A8F008299B3 /* CJSONDeserializer_BlocksExtensions.m */,
				CFC65A8114D32A8F008299B3 /* CJSONSerialization.h */,
				CFC65A8214D32A8F008299B3 /* CJSONSerialization.m */,
				CFC65A8314D32A8F008299B3 /* CJSONSerializedData.h */,
				CFC65A8414D32A8F008299B3 /* CJSONSerializedData.m */,
			);
			path = Experimental;
			sourceTree = "<group>";
		};
		CFC65A8514D32A8F008299B3 /* Extensions */ = {
			isa = PBXGroup;
			children = (
				CFC65A8614D32A8F008299B3 /* CDataScanner_Extensions.h */,
				CFC65A8714D32A8F008299B3 /* CDataScanner_Extensions.m */,
				CFC65A8814D32A8F008299B3 /* NSDictionary_JSONExtensions.h */,
				CFC65A8914D32A8F008299B3 /* NSDictionary_JSONExtensions.m */,
			);
			path = Extensions;
			sourceTree = "<group>";
		};
		CFC65A8A14D32A8F008299B3 /* JSON */ = {
			isa = PBXGroup;
			children = (
				CFC65A8B14D32A8F008299B3 /* CJSONDeserializer.h */,
				CFC65A8C14D32A8F008299B3 /* CJSONDeserializer.m */,
				CFC65A8D14D32A8F008299B3 /* CJSONScanner.h */,
				CFC65A8E14D32A8F008299B3 /* CJSONScanner.m */,
				CFC65A8F14D32A8F008299B3 /* CJSONSerializer.h */,
				CFC65A9014D32A8F008299B3 /* CJSONSerializer.m */,
				CFC65A9114D32A8F008299B3 /* JSONRepresentation.h */,
			);
			path = JSON;
			sourceTree = "<group>";
		};
/* End PBXGroup section */

/* Begin PBXNativeTarget section */
		8D1107260486CEB800E47090 /* TweetRain */ = {
			isa = PBXNativeTarget;
			buildConfigurationList = C01FCF4A08A954540054247B /* Build configuration list for PBXNativeTarget "TweetRain" */;
			buildPhases = (
				1C01704D7FEFF7931CFEEA7B /* Check Pods Manifest.lock */,
				8D1107290486CEB800E47090 /* Resources */,
				8D11072C0486CEB800E47090 /* Sources */,
				8D11072E0486CEB800E47090 /* Frameworks */,
				CF53F65E139CCE51003AB55B /* Copy Files */,
				AA39D368169E2B5CF65A928F /* Copy Pods Resources */,
				CFCB21E91A1FA65800202991 /* ShellScript */,
			);
			buildRules = (
			);
			dependencies = (
			);
			name = TweetRain;
			productInstallPath = "$(HOME)/Applications";
			productName = Smarkin;
			productReference = 8D1107320486CEB800E47090 /* TweetRain.app */;
			productType = "com.apple.product-type.application";
		};
/* End PBXNativeTarget section */

/* Begin PBXProject section */
		29B97313FDCFA39411CA2CEA /* Project object */ = {
			isa = PBXProject;
			attributes = {
				LastUpgradeCheck = 0610;
				TargetAttributes = {
					8D1107260486CEB800E47090 = {
						DevelopmentTeam = CC63FD9H8S;
						SystemCapabilities = {
							com.apple.Sandbox = {
								enabled = 1;
							};
						};
					};
				};
			};
			buildConfigurationList = C01FCF4E08A954540054247B /* Build configuration list for PBXProject "TweetRain" */;
			compatibilityVersion = "Xcode 3.2";
			developmentRegion = English;
			hasScannedForEncodings = 1;
			knownRegions = (
				English,
				Japanese,
				French,
				German,
			);
			mainGroup = 29B97314FDCFA39411CA2CEA /* Smarkin */;
			projectDirPath = "";
			projectRoot = "";
			targets = (
				8D1107260486CEB800E47090 /* TweetRain */,
			);
		};
/* End PBXProject section */

/* Begin PBXResourcesBuildPhase section */
		8D1107290486CEB800E47090 /* Resources */ = {
			isa = PBXResourcesBuildPhase;
			buildActionMask = 2147483647;
			files = (
				8D11072B0486CEB800E47090 /* InfoPlist.strings in Resources */,
				1DDD58160DA1D0A300B32029 /* MainMenu.xib in Resources */,
				CF2F8BDD1390E11500D733CA /* SettingViewController.xib in Resources */,
				CFCB21EE1A1FBA2500202991 /* Images.xcassets in Resources */,
				CFC65A1914D32A32008299B3 /* OATestServer.rb in Resources */,
				CFC65A1C14D32A32008299B3 /* README in Resources */,
				CF3A187915D64F4100D8E07F /* FloodWindowController.xib in Resources */,
				CFE8F5BA15D7CBFA00815830 /* RainDropViewController.xib in Resources */,
				CFFAE5E115E02D3400389518 /* RainDropDetailViewController.xib in Resources */,
				CF8BBEEE15E3C7E10064D90B /* SearchWindowController.xib in Resources */,
				CF8BBF4715E3EE6A0064D90B /* ComposeStatusViewController.xib in Resources */,
				CF11768015E90BD0001138F2 /* Credits.rtf in Resources */,
				CFC9AD5A15EBD63D00CC52F9 /* icon.iconset in Resources */,
			);
			runOnlyForDeploymentPostprocessing = 0;
		};
/* End PBXResourcesBuildPhase section */

/* Begin PBXShellScriptBuildPhase section */
		1C01704D7FEFF7931CFEEA7B /* Check Pods Manifest.lock */ = {
			isa = PBXShellScriptBuildPhase;
			buildActionMask = 2147483647;
			files = (
			);
			inputPaths = (
			);
			name = "Check Pods Manifest.lock";
			outputPaths = (
			);
			runOnlyForDeploymentPostprocessing = 0;
			shellPath = /bin/sh;
			shellScript = "diff \"${PODS_ROOT}/../Podfile.lock\" \"${PODS_ROOT}/Manifest.lock\" > /dev/null\nif [[ $? != 0 ]] ; then\n    cat << EOM\nerror: The sandbox is not in sync with the Podfile.lock. Run 'pod install' or update your CocoaPods installation.\nEOM\n    exit 1\nfi\n";
			showEnvVarsInLog = 0;
		};
		AA39D368169E2B5CF65A928F /* Copy Pods Resources */ = {
			isa = PBXShellScriptBuildPhase;
			buildActionMask = 2147483647;
			files = (
			);
			inputPaths = (
			);
			name = "Copy Pods Resources";
			outputPaths = (
			);
			runOnlyForDeploymentPostprocessing = 0;
			shellPath = /bin/sh;
			shellScript = "\"${SRCROOT}/Pods/Target Support Files/Pods/Pods-resources.sh\"\n";
			showEnvVarsInLog = 0;
		};
		CFCB21E91A1FA65800202991 /* ShellScript */ = {
			isa = PBXShellScriptBuildPhase;
			buildActionMask = 2147483647;
			files = (
			);
			inputPaths = (
			);
			outputPaths = (
			);
			runOnlyForDeploymentPostprocessing = 0;
			shellPath = /bin/sh;
			shellScript = "./Crashlytics.framework/run be3de76eb1918a93b4d68a8e87b983750d738aed 14ee308c3c10a8baa8cccc093c1c4c9c00d34c8c4b0b69aa8e7aa5dd0dae61c0";
		};
/* End PBXShellScriptBuildPhase section */

/* Begin PBXSourcesBuildPhase section */
		8D11072C0486CEB800E47090 /* Sources */ = {
			isa = PBXSourcesBuildPhase;
			buildActionMask = 2147483647;
			files = (
				8D11072D0486CEB800E47090 /* main.m in Sources */,
				CF75438E13686342009E7292 /* TransparentView.m in Sources */,
				CFA511201369AD11004A81D7 /* CustomTitleBar.m in Sources */,
				CFA5115F1369B18D004A81D7 /* CustomDragView.m in Sources */,
				CF75C5D51371947B0099F8E0 /* NSFileManager+DirectoryLocations.m in Sources */,
				CF66A55C1372CFE7000B1AFF /* NSView+Fade.m in Sources */,
				CF2A37D513752E6E001CAAAB /* User.m in Sources */,
				CF2F8BDB1390E0CB00D733CA /* SettingViewController.m in Sources */,
				CFB3613A13996A3D0005F33D /* DBPrefsWindowController.m in Sources */,
				CFC3791E139A7FB10072F001 /* CenteredTextCell.m in Sources */,
				CFC65A0914D32A32008299B3 /* NSMutableURLRequest+Parameters.m in Sources */,
				CFC65A0A14D32A32008299B3 /* NSString+URLEncoding.m in Sources */,
				CFC65A0B14D32A32008299B3 /* NSURL+Base.m in Sources */,
				CFC65A0C14D32A32008299B3 /* Base64Transcoder.c in Sources */,
				CFC65A0D14D32A32008299B3 /* hmac.c in Sources */,
				CFC65A0E14D32A32008299B3 /* sha1.c in Sources */,
				CFC65A0F14D32A32008299B3 /* OAAttachment.m in Sources */,
				CF620A211A057CBE003EB806 /* StreamController.m in Sources */,
				CFC65A1014D32A32008299B3 /* OACall.m in Sources */,
				CFC65A1114D32A32008299B3 /* OAConsumer.m in Sources */,
				CFC65A1214D32A32008299B3 /* OADataFetcher.m in Sources */,
				CFC65A1314D32A32008299B3 /* OAHMAC_SHA1SignatureProvider.m in Sources */,
				CFC65A1414D32A32008299B3 /* OAMutableURLRequest.m in Sources */,
				CFC65A1514D32A32008299B3 /* OAPlaintextSignatureProvider.m in Sources */,
				CFC65A1614D32A32008299B3 /* OAProblem.m in Sources */,
				CFC65A1714D32A32008299B3 /* OARequestParameter.m in Sources */,
				CFC65A1814D32A32008299B3 /* OAServiceTicket.m in Sources */,
				CFC65A1A14D32A32008299B3 /* OAToken.m in Sources */,
				CFC65A1B14D32A32008299B3 /* OATokenManager.m in Sources */,
				CFC65A9214D32A8F008299B3 /* CDataScanner.m in Sources */,
				CFC65A9314D32A8F008299B3 /* CFilteringJSONSerializer.m in Sources */,
				CFC65A9414D32A8F008299B3 /* CJSONDeserializer_BlocksExtensions.m in Sources */,
				CFC65A9514D32A8F008299B3 /* CJSONSerialization.m in Sources */,
				CFC65A9614D32A8F008299B3 /* CJSONSerializedData.m in Sources */,
				CFC65A9714D32A8F008299B3 /* CDataScanner_Extensions.m in Sources */,
				CFC65A9814D32A8F008299B3 /* NSDictionary_JSONExtensions.m in Sources */,
				CFC65A9914D32A8F008299B3 /* CJSONDeserializer.m in Sources */,
				CFC65A9A14D32A8F008299B3 /* CJSONScanner.m in Sources */,
				CFC65A9B14D32A8F008299B3 /* CJSONSerializer.m in Sources */,
				CFA1BB5814DC514D000566A0 /* SettingManager.m in Sources */,
				CF9F9E371534567B000AE741 /* Status.m in Sources */,
				CF8FDEB115D4131200DD6DEA /* FloodAppDelegate.m in Sources */,
				CF3A187815D64F4100D8E07F /* FloodWindowController.m in Sources */,
				CF3A188115D651A100D8E07F /* FloodWindow.m in Sources */,
				CFE8F5BD15D7E88600815830 /* RainDropViewController.m in Sources */,
				CFE8F5C015D7E9F100815830 /* RainDropView.m in Sources */,
				CFE8F5C315D7FC4900815830 /* RainDropTextFieldCell.m in Sources */,
				CFFAE5E015E02D3400389518 /* RainDropDetailViewController.m in Sources */,
				CFFAE5F315E0E9DD00389518 /* WebImageView.m in Sources */,
				CF8BBEED15E3C7E10064D90B /* SearchWindowController.m in Sources */,
				CF8BBF4615E3EE6A0064D90B /* ComposeStatusViewController.m in Sources */,
			);
			runOnlyForDeploymentPostprocessing = 0;
		};
/* End PBXSourcesBuildPhase section */

/* Begin PBXVariantGroup section */
		089C165CFE840E0CC02AAC07 /* InfoPlist.strings */ = {
			isa = PBXVariantGroup;
			children = (
				089C165DFE840E0CC02AAC07 /* English */,
			);
			name = InfoPlist.strings;
			sourceTree = "<group>";
		};
		1DDD58140DA1D0A300B32029 /* MainMenu.xib */ = {
			isa = PBXVariantGroup;
			children = (
				1DDD58150DA1D0A300B32029 /* English */,
			);
			name = MainMenu.xib;
			sourceTree = "<group>";
		};
/* End PBXVariantGroup section */

/* Begin XCBuildConfiguration section */
		C01FCF4B08A954540054247B /* Debug */ = {
			isa = XCBuildConfiguration;
			baseConfigurationReference = F604A10DF7B9A2E1A9523E1F /* Pods.debug.xcconfig */;
			buildSettings = {
				ALWAYS_SEARCH_USER_PATHS = NO;
				ASSETCATALOG_COMPILER_APPICON_NAME = AppIcon;
				CLANG_ENABLE_OBJC_ARC = YES;
				CODE_SIGN_ENTITLEMENTS = TweetRain.entitlements;
				"CODE_SIGN_IDENTITY[sdk=macosx*]" = "Mac Developer";
				COMBINE_HIDPI_IMAGES = YES;
				COPY_PHASE_STRIP = NO;
				FRAMEWORK_SEARCH_PATHS = (
					"$(inherited)",
					"$(SRCROOT)",
					"$(PROJECT_DIR)",
				);
				GCC_DYNAMIC_NO_PIC = NO;
				GCC_MODEL_TUNING = G5;
				GCC_OPTIMIZATION_LEVEL = 0;
				GCC_PRECOMPILE_PREFIX_HEADER = YES;
				GCC_PREFIX_HEADER = TweetRain_Prefix.pch;
				INFOPLIST_FILE = "TweetRain-Info.plist";
				INSTALL_PATH = /Applications;
				PRODUCT_NAME = TweetRain;
				PROVISIONING_PROFILE = "";
				SDKROOT = macosx;
			};
			name = Debug;
		};
		C01FCF4C08A954540054247B /* Release */ = {
			isa = XCBuildConfiguration;
			baseConfigurationReference = 228171F945669C28FD5CE044 /* Pods.release.xcconfig */;
			buildSettings = {
				ALWAYS_SEARCH_USER_PATHS = NO;
				ASSETCATALOG_COMPILER_APPICON_NAME = AppIcon;
				CLANG_ENABLE_OBJC_ARC = YES;
				CODE_SIGN_ENTITLEMENTS = TweetRain.entitlements;
				"CODE_SIGN_IDENTITY[sdk=macosx*]" = "3rd Party Mac Developer Application";
				COMBINE_HIDPI_IMAGES = YES;
				DEBUG_INFORMATION_FORMAT = "dwarf-with-dsym";
				FRAMEWORK_SEARCH_PATHS = (
					"$(inherited)",
					"$(SRCROOT)",
					"$(PROJECT_DIR)",
				);
				GCC_MODEL_TUNING = G5;
				GCC_PRECOMPILE_PREFIX_HEADER = YES;
				GCC_PREFIX_HEADER = TweetRain_Prefix.pch;
				INFOPLIST_FILE = "TweetRain-Info.plist";
				INSTALL_PATH = /Applications;
				PRODUCT_NAME = TweetRain;
				PROVISIONING_PROFILE = "3c997484-73da-4606-a06a-d4098b6d2393";
				SDKROOT = macosx;
			};
			name = Release;
		};
		C01FCF4F08A954540054247B /* Debug */ = {
			isa = XCBuildConfiguration;
			buildSettings = {
				CLANG_ENABLE_OBJC_ARC = YES;
				CODE_SIGN_IDENTITY = "";
				GCC_C_LANGUAGE_STANDARD = gnu99;
				GCC_OPTIMIZATION_LEVEL = 0;
				GCC_WARN_ABOUT_RETURN_TYPE = YES;
				GCC_WARN_UNUSED_VARIABLE = YES;
				HEADER_SEARCH_PATHS = $SDKROOT/usr/include/libxml2;
				MACOSX_DEPLOYMENT_TARGET = 10.10;
				ONLY_ACTIVE_ARCH = YES;
				PREBINDING = NO;
				PROVISIONING_PROFILE = "";
				SDKROOT = macosx;
			};
			name = Debug;
		};
		C01FCF5008A954540054247B /* Release */ = {
			isa = XCBuildConfiguration;
			buildSettings = {
				CLANG_ENABLE_OBJC_ARC = YES;
				CODE_SIGN_IDENTITY = "3rd Party Mac Developer Application: KC Chan Co. (CC63FD9H8S)";
				GCC_C_LANGUAGE_STANDARD = gnu99;
				GCC_WARN_ABOUT_RETURN_TYPE = YES;
				GCC_WARN_UNUSED_VARIABLE = YES;
				HEADER_SEARCH_PATHS = $SDKROOT/usr/include/libxml2;
				MACOSX_DEPLOYMENT_TARGET = 10.10;
				ONLY_ACTIVE_ARCH = YES;
				PREBINDING = NO;
				PROVISIONING_PROFILE = "3c997484-73da-4606-a06a-d4098b6d2393";
				SDKROOT = macosx;
			};
			name = Release;
		};
/* End XCBuildConfiguration section */

/* Begin XCConfigurationList section */
		C01FCF4A08A954540054247B /* Build configuration list for PBXNativeTarget "TweetRain" */ = {
			isa = XCConfigurationList;
			buildConfigurations = (
				C01FCF4B08A954540054247B /* Debug */,
				C01FCF4C08A954540054247B /* Release */,
			);
			defaultConfigurationIsVisible = 0;
			defaultConfigurationName = Release;
		};
		C01FCF4E08A954540054247B /* Build configuration list for PBXProject "TweetRain" */ = {
			isa = XCConfigurationList;
			buildConfigurations = (
				C01FCF4F08A954540054247B /* Debug */,
				C01FCF5008A954540054247B /* Release */,
			);
			defaultConfigurationIsVisible = 0;
			defaultConfigurationName = Release;
		};
/* End XCConfigurationList section */
	};
	rootObject = 29B97313FDCFA39411CA2CEA /* Project object */;
}
